
Microsoft Visual Studio Solution File, Format Version 12.00
# Visual Studio 14
VisualStudioVersion = 14.0.25420.1
MinimumVisualStudioVersion = 10.0.40219.1
Project("{FAE04EC0-301F-11D3-BF4B-00C04F79EFBC}") = "App", "App\App.csproj", "{C0BC6C85-09A4-4F1C-B42C-D5628566B38B}"
EndProject
Project("{2150E333-8FDC-42A3-9474-1A3956D46DE8}") = "Tests", "Tests", "{EA469B1F-E0B6-4AF2-B010-215384A9913B}"
EndProject
Project("{FAE04EC0-301F-11D3-BF4B-00C04F79EFBC}") = "Customer.Tests", "Customer.Tests\Customer.Tests.csproj", "{79095C16-6FA5-4AA3-B251-A9FDE83C495C}"
EndProject
Project("{2150E333-8FDC-42A3-9474-1A3956D46DE8}") = "UnitTests", "UnitTests", "{739C3A5F-19D4-48C9-A582-A1832F894C99}"
EndProject
Project("{2150E333-8FDC-42A3-9474-1A3956D46DE8}") = "AcceptanceTests", "AcceptanceTests", "{E40901AA-24D3-4EB2-B521-4EC300083CB3}"
EndProject
Project("{2150E333-8FDC-42A3-9474-1A3956D46DE8}") = "UiTests", "UiTests", "{8D98E11F-3960-49FA-B3DE-20C5252FF345}"
EndProject
Project("{2150E333-8FDC-42A3-9474-1A3956D46DE8}") = "Services", "Services", "{B0FF7216-0EE5-4C32-8582-0E206A726A63}"
EndProject
Project("{FAE04EC0-301F-11D3-BF4B-00C04F79EFBC}") = "Asos.Customer.Services", "App.Customer.Services\Asos.Customer.Services.csproj", "{116E82C7-BC05-4F56-A96B-422B0CF115B5}"
EndProject
Project("{FAE04EC0-301F-11D3-BF4B-00C04F79EFBC}") = "Asos.Company.Services", "App.Company.Services\Asos.Company.Services.csproj", "{5FB168CA-AFC8-47F1-91C2-22F4E1256236}"
EndProject
Project("{FAE04EC0-301F-11D3-BF4B-00C04F79EFBC}") = "Asos.Database", "App.Database\Asos.Database.csproj", "{8384A5BA-5628-4A16-976A-81BF965CF989}"
EndProject
Project("{2150E333-8FDC-42A3-9474-1A3956D46DE8}") = "Hosts", "Hosts", "{F91A5B48-CE82-41D7-9435-C03E61A96262}"
EndProject
Project("{2150E333-8FDC-42A3-9474-1A3956D46DE8}") = "Common", "Common", "{2CF65840-0D5A-4A14-A3B1-A562EE24D819}"
EndProject
Project("{FAE04EC0-301F-11D3-BF4B-00C04F79EFBC}") = "Asos.Common", "Asos.Common\Asos.Common.csproj", "{17C0CBEF-53E0-45A3-8BEB-1E567F7C1704}"
EndProject
Global
	GlobalSection(SolutionConfigurationPlatforms) = preSolution
		Debug|Any CPU = Debug|Any CPU
		Release|Any CPU = Release|Any CPU
	EndGlobalSection
	GlobalSection(ProjectConfigurationPlatforms) = postSolution
		{C0BC6C85-09A4-4F1C-B42C-D5628566B38B}.Debug|Any CPU.ActiveCfg = Debug|Any CPU
		{C0BC6C85-09A4-4F1C-B42C-D5628566B38B}.Debug|Any CPU.Build.0 = Debug|Any CPU
		{C0BC6C85-09A4-4F1C-B42C-D5628566B38B}.Release|Any CPU.ActiveCfg = Release|Any CPU
		{C0BC6C85-09A4-4F1C-B42C-D5628566B38B}.Release|Any CPU.Build.0 = Release|Any CPU
		{79095C16-6FA5-4AA3-B251-A9FDE83C495C}.Debug|Any CPU.ActiveCfg = Debug|Any CPU
		{79095C16-6FA5-4AA3-B251-A9FDE83C495C}.Debug|Any CPU.Build.0 = Debug|Any CPU
		{79095C16-6FA5-4AA3-B251-A9FDE83C495C}.Release|Any CPU.ActiveCfg = Release|Any CPU
		{79095C16-6FA5-4AA3-B251-A9FDE83C495C}.Release|Any CPU.Build.0 = Release|Any CPU
		{116E82C7-BC05-4F56-A96B-422B0CF115B5}.Debug|Any CPU.ActiveCfg = Debug|Any CPU
		{116E82C7-BC05-4F56-A96B-422B0CF115B5}.Debug|Any CPU.Build.0 = Debug|Any CPU
		{116E82C7-BC05-4F56-A96B-422B0CF115B5}.Release|Any CPU.ActiveCfg = Release|Any CPU
		{116E82C7-BC05-4F56-A96B-422B0CF115B5}.Release|Any CPU.Build.0 = Release|Any CPU
		{5FB168CA-AFC8-47F1-91C2-22F4E1256236}.Debug|Any CPU.ActiveCfg = Debug|Any CPU
		{5FB168CA-AFC8-47F1-91C2-22F4E1256236}.Debug|Any CPU.Build.0 = Debug|Any CPU
		{5FB168CA-AFC8-47F1-91C2-22F4E1256236}.Release|Any CPU.ActiveCfg = Release|Any CPU
		{5FB168CA-AFC8-47F1-91C2-22F4E1256236}.Release|Any CPU.Build.0 = Release|Any CPU
		{8384A5BA-5628-4A16-976A-81BF965CF989}.Debug|Any CPU.ActiveCfg = Debug|Any CPU
		{8384A5BA-5628-4A16-976A-81BF965CF989}.Debug|Any CPU.Build.0 = Debug|Any CPU
		{8384A5BA-5628-4A16-976A-81BF965CF989}.Release|Any CPU.ActiveCfg = Release|Any CPU
		{8384A5BA-5628-4A16-976A-81BF965CF989}.Release|Any CPU.Build.0 = Release|Any CPU
		{17C0CBEF-53E0-45A3-8BEB-1E567F7C1704}.Debug|Any CPU.ActiveCfg = Debug|Any CPU
		{17C0CBEF-53E0-45A3-8BEB-1E567F7C1704}.Debug|Any CPU.Build.0 = Debug|Any CPU
		{17C0CBEF-53E0-45A3-8BEB-1E567F7C1704}.Release|Any CPU.ActiveCfg = Release|Any CPU
		{17C0CBEF-53E0-45A3-8BEB-1E567F7C1704}.Release|Any CPU.Build.0 = Release|Any CPU
	EndGlobalSection
	GlobalSection(SolutionProperties) = preSolution
		HideSolutionNode = FALSE
	EndGlobalSection
	GlobalSection(NestedProjects) = preSolution
		{C0BC6C85-09A4-4F1C-B42C-D5628566B38B} = {F91A5B48-CE82-41D7-9435-C03E61A96262}
		{79095C16-6FA5-4AA3-B251-A9FDE83C495C} = {739C3A5F-19D4-48C9-A582-A1832F894C99}
		{739C3A5F-19D4-48C9-A582-A1832F894C99} = {EA469B1F-E0B6-4AF2-B010-215384A9913B}
		{E40901AA-24D3-4EB2-B521-4EC300083CB3} = {EA469B1F-E0B6-4AF2-B010-215384A9913B}
		{8D98E11F-3960-49FA-B3DE-20C5252FF345} = {EA469B1F-E0B6-4AF2-B010-215384A9913B}
		{116E82C7-BC05-4F56-A96B-422B0CF115B5} = {B0FF7216-0EE5-4C32-8582-0E206A726A63}
		{5FB168CA-AFC8-47F1-91C2-22F4E1256236} = {B0FF7216-0EE5-4C32-8582-0E206A726A63}
		{8384A5BA-5628-4A16-976A-81BF965CF989} = {B0FF7216-0EE5-4C32-8582-0E206A726A63}
		{2CF65840-0D5A-4A14-A3B1-A562EE24D819} = {B0FF7216-0EE5-4C32-8582-0E206A726A63}
		{17C0CBEF-53E0-45A3-8BEB-1E567F7C1704} = {2CF65840-0D5A-4A14-A3B1-A562EE24D819}
	EndGlobalSection
EndGlobal
